// !$*UTF8*$!
{
	archiveVersion = 1;
	classes = {
	};
	objectVersion = 50;
	objects = {

/* Begin PBXBuildFile section */
		877548E5228CD6340063497C /* SecondViewController.swift in Sources */ = {isa = PBXBuildFile; fileRef = 877548E4228CD6340063497C /* SecondViewController.swift */; };
		87A13A20220CCE67002F5810 /* AppDelegate.swift in Sources */ = {isa = PBXBuildFile; fileRef = 87A13A1F220CCE67002F5810 /* AppDelegate.swift */; };
		87A13A22220CCE67002F5810 /* ViewController.swift in Sources */ = {isa = PBXBuildFile; fileRef = 87A13A21220CCE67002F5810 /* ViewController.swift */; };
		87A13A25220CCE67002F5810 /* Main.storyboard in Resources */ = {isa = PBXBuildFile; fileRef = 87A13A23220CCE67002F5810 /* Main.storyboard */; };
		87A13A27220CCE68002F5810 /* Assets.xcassets in Resources */ = {isa = PBXBuildFile; fileRef = 87A13A26220CCE68002F5810 /* Assets.xcassets */; };
		87A13A2A220CCE68002F5810 /* LaunchScreen.storyboard in Resources */ = {isa = PBXBuildFile; fileRef = 87A13A28220CCE68002F5810 /* LaunchScreen.storyboard */; };
		87A13A35220CCE68002F5810 /* webviewSwiftTests.swift in Sources */ = {isa = PBXBuildFile; fileRef = 87A13A34220CCE68002F5810 /* webviewSwiftTests.swift */; };
		87A13A40220CCE68002F5810 /* webviewSwiftUITests.swift in Sources */ = {isa = PBXBuildFile; fileRef = 87A13A3F220CCE68002F5810 /* webviewSwiftUITests.swift */; };
		87D6BAC222568D6300D46CB9 /* InternetTest.swift in Sources */ = {isa = PBXBuildFile; fileRef = 87D6BAC122568D6300D46CB9 /* InternetTest.swift */; };
/* End PBXBuildFile section */

/* Begin PBXContainerItemProxy section */
		87A13A31220CCE68002F5810 /* PBXContainerItemProxy */ = {
			isa = PBXContainerItemProxy;
			containerPortal = 87A13A14220CCE67002F5810 /* Project object */;
			proxyType = 1;
			remoteGlobalIDString = 87A13A1B220CCE67002F5810;
			remoteInfo = webviewSwift;
		};
		87A13A3C220CCE68002F5810 /* PBXContainerItemProxy */ = {
			isa = PBXContainerItemProxy;
			containerPortal = 87A13A14220CCE67002F5810 /* Project object */;
			proxyType = 1;
			remoteGlobalIDString = 87A13A1B220CCE67002F5810;
			remoteInfo = webviewSwift;
		};
/* End PBXContainerItemProxy section */

/* Begin PBXFileReference section */
		877548E4228CD6340063497C /* SecondViewController.swift */ = {isa = PBXFileReference; lastKnownFileType = sourcecode.swift; path = SecondViewController.swift; sourceTree = "<group>"; };
		87A13A1C220CCE67002F5810 /* webviewSwift.app */ = {isa = PBXFileReference; explicitFileType = wrapper.application; includeInIndex = 0; path = webviewSwift.app; sourceTree = BUILT_PRODUCTS_DIR; };
		87A13A1F220CCE67002F5810 /* AppDelegate.swift */ = {isa = PBXFileReference; lastKnownFileType = sourcecode.swift; path = AppDelegate.swift; sourceTree = "<group>"; };
		87A13A21220CCE67002F5810 /* ViewController.swift */ = {isa = PBXFileReference; lastKnownFileType = sourcecode.swift; path = ViewController.swift; sourceTree = "<group>"; };
		87A13A24220CCE67002F5810 /* Base */ = {isa = PBXFileReference; lastKnownFileType = file.storyboard; name = Base; path = Base.lproj/Main.storyboard; sourceTree = "<group>"; };
		87A13A26220CCE68002F5810 /* Assets.xcassets */ = {isa = PBXFileReference; lastKnownFileType = folder.assetcatalog; path = Assets.xcassets; sourceTree = "<group>"; };
		87A13A29220CCE68002F5810 /* Base */ = {isa = PBXFileReference; lastKnownFileType = file.storyboard; name = Base; path = Base.lproj/LaunchScreen.storyboard; sourceTree = "<group>"; };
		87A13A2B220CCE68002F5810 /* Info.plist */ = {isa = PBXFileReference; lastKnownFileType = text.plist.xml; path = Info.plist; sourceTree = "<group>"; };
		87A13A30220CCE68002F5810 /* webviewSwiftTests.xctest */ = {isa = PBXFileReference; explicitFileType = wrapper.cfbundle; includeInIndex = 0; path = webviewSwiftTests.xctest; sourceTree = BUILT_PRODUCTS_DIR; };
		87A13A34220CCE68002F5810 /* webviewSwiftTests.swift */ = {isa = PBXFileReference; lastKnownFileType = sourcecode.swift; path = webviewSwiftTests.swift; sourceTree = "<group>"; };
		87A13A36220CCE68002F5810 /* Info.plist */ = {isa = PBXFileReference; lastKnownFileType = text.plist.xml; path = Info.plist; sourceTree = "<group>"; };
		87A13A3B220CCE68002F5810 /* webviewSwiftUITests.xctest */ = {isa = PBXFileReference; explicitFileType = wrapper.cfbundle; includeInIndex = 0; path = webviewSwiftUITests.xctest; sourceTree = BUILT_PRODUCTS_DIR; };
		87A13A3F220CCE68002F5810 /* webviewSwiftUITests.swift */ = {isa = PBXFileReference; lastKnownFileType = sourcecode.swift; path = webviewSwiftUITests.swift; sourceTree = "<group>"; };
		87A13A41220CCE68002F5810 /* Info.plist */ = {isa = PBXFileReference; lastKnownFileType = text.plist.xml; path = Info.plist; sourceTree = "<group>"; };
		87D6BAC122568D6300D46CB9 /* InternetTest.swift */ = {isa = PBXFileReference; lastKnownFileType = sourcecode.swift; path = InternetTest.swift; sourceTree = "<group>"; };
/* End PBXFileReference section */

/* Begin PBXFrameworksBuildPhase section */
		87A13A19220CCE67002F5810 /* Frameworks */ = {
			isa = PBXFrameworksBuildPhase;
			buildActionMask = 2147483647;
			files = (
			);
			runOnlyForDeploymentPostprocessing = 0;
		};
		87A13A2D220CCE68002F5810 /* Frameworks */ = {
			isa = PBXFrameworksBuildPhase;
			buildActionMask = 2147483647;
			files = (
			);
			runOnlyForDeploymentPostprocessing = 0;
		};
		87A13A38220CCE68002F5810 /* Frameworks */ = {
			isa = PBXFrameworksBuildPhase;
			buildActionMask = 2147483647;
			files = (
			);
			runOnlyForDeploymentPostprocessing = 0;
		};
/* End PBXFrameworksBuildPhase section */

/* Begin PBXGroup section */
		87A13A13220CCE67002F5810 = {
			isa = PBXGroup;
			children = (
				87A13A1E220CCE67002F5810 /* webviewSwift */,
				87A13A33220CCE68002F5810 /* webviewSwiftTests */,
				87A13A3E220CCE68002F5810 /* webviewSwiftUITests */,
				87A13A1D220CCE67002F5810 /* Products */,
			);
			sourceTree = "<group>";
		};
		87A13A1D220CCE67002F5810 /* Products */ = {
			isa = PBXGroup;
			children = (
				87A13A1C220CCE67002F5810 /* webviewSwift.app */,
				87A13A30220CCE68002F5810 /* webviewSwiftTests.xctest */,
				87A13A3B220CCE68002F5810 /* webviewSwiftUITests.xctest */,
			);
			name = Products;
			sourceTree = "<group>";
		};
		87A13A1E220CCE67002F5810 /* webviewSwift */ = {
			isa = PBXGroup;
			children = (
				87A13A1F220CCE67002F5810 /* AppDelegate.swift */,
				87A13A21220CCE67002F5810 /* ViewController.swift */,
				87A13A23220CCE67002F5810 /* Main.storyboard */,
				87A13A26220CCE68002F5810 /* Assets.xcassets */,
				87A13A28220CCE68002F5810 /* LaunchScreen.storyboard */,
				87A13A2B220CCE68002F5810 /* Info.plist */,
				87D6BAC122568D6300D46CB9 /* InternetTest.swift */,
				877548E4228CD6340063497C /* SecondViewController.swift */,
			);
			path = webviewSwift;
			sourceTree = "<group>";
		};
		87A13A33220CCE68002F5810 /* webviewSwiftTests */ = {
			isa = PBXGroup;
			children = (
				87A13A34220CCE68002F5810 /* webviewSwiftTests.swift */,
				87A13A36220CCE68002F5810 /* Info.plist */,
			);
			path = webviewSwiftTests;
			sourceTree = "<group>";
		};
		87A13A3E220CCE68002F5810 /* webviewSwiftUITests */ = {
			isa = PBXGroup;
			children = (
				87A13A3F220CCE68002F5810 /* webviewSwiftUITests.swift */,
				87A13A41220CCE68002F5810 /* Info.plist */,
			);
			path = webviewSwiftUITests;
			sourceTree = "<group>";
		};
/* End PBXGroup section */

/* Begin PBXNativeTarget section */
		87A13A1B220CCE67002F5810 /* webviewSwift */ = {
			isa = PBXNativeTarget;
			buildConfigurationList = 87A13A44220CCE68002F5810 /* Build configuration list for PBXNativeTarget "webviewSwift" */;
			buildPhases = (
				87A13A18220CCE67002F5810 /* Sources */,
				87A13A19220CCE67002F5810 /* Frameworks */,
				87A13A1A220CCE67002F5810 /* Resources */,
			);
			buildRules = (
			);
			dependencies = (
			);
			name = webviewSwift;
			productName = webviewSwift;
			productReference = 87A13A1C220CCE67002F5810 /* webviewSwift.app */;
			productType = "com.apple.product-type.application";
		};
		87A13A2F220CCE68002F5810 /* webviewSwiftTests */ = {
			isa = PBXNativeTarget;
			buildConfigurationList = 87A13A47220CCE68002F5810 /* Build configuration list for PBXNativeTarget "webviewSwiftTests" */;
			buildPhases = (
				87A13A2C220CCE68002F5810 /* Sources */,
				87A13A2D220CCE68002F5810 /* Frameworks */,
				87A13A2E220CCE68002F5810 /* Resources */,
			);
			buildRules = (
			);
			dependencies = (
				87A13A32220CCE68002F5810 /* PBXTargetDependency */,
			);
			name = webviewSwiftTests;
			productName = webviewSwiftTests;
			productReference = 87A13A30220CCE68002F5810 /* webviewSwiftTests.xctest */;
			productType = "com.apple.product-type.bundle.unit-test";
		};
		87A13A3A220CCE68002F5810 /* webviewSwiftUITests */ = {
			isa = PBXNativeTarget;
			buildConfigurationList = 87A13A4A220CCE68002F5810 /* Build configuration list for PBXNativeTarget "webviewSwiftUITests" */;
			buildPhases = (
				87A13A37220CCE68002F5810 /* Sources */,
				87A13A38220CCE68002F5810 /* Frameworks */,
				87A13A39220CCE68002F5810 /* Resources */,
			);
			buildRules = (
			);
			dependencies = (
				87A13A3D220CCE68002F5810 /* PBXTargetDependency */,
			);
			name = webviewSwiftUITests;
			productName = webviewSwiftUITests;
			productReference = 87A13A3B220CCE68002F5810 /* webviewSwiftUITests.xctest */;
			productType = "com.apple.product-type.bundle.ui-testing";
		};
/* End PBXNativeTarget section */

/* Begin PBXProject section */
		87A13A14220CCE67002F5810 /* Project object */ = {
			isa = PBXProject;
			attributes = {
				LastSwiftUpdateCheck = 1010;
				LastUpgradeCheck = 1010;
				ORGANIZATIONNAME = diego.rios;
				TargetAttributes = {
					87A13A1B220CCE67002F5810 = {
						CreatedOnToolsVersion = 10.1;
					};
					87A13A2F220CCE68002F5810 = {
						CreatedOnToolsVersion = 10.1;
						TestTargetID = 87A13A1B220CCE67002F5810;
					};
					87A13A3A220CCE68002F5810 = {
						CreatedOnToolsVersion = 10.1;
						TestTargetID = 87A13A1B220CCE67002F5810;
					};
				};
			};
			buildConfigurationList = 87A13A17220CCE67002F5810 /* Build configuration list for PBXProject "webviewSwift" */;
			compatibilityVersion = "Xcode 9.3";
			developmentRegion = en;
			hasScannedForEncodings = 0;
			knownRegions = (
				en,
				Base,
			);
			mainGroup = 87A13A13220CCE67002F5810;
			productRefGroup = 87A13A1D220CCE67002F5810 /* Products */;
			projectDirPath = "";
			projectRoot = "";
			targets = (
				87A13A1B220CCE67002F5810 /* webviewSwift */,
				87A13A2F220CCE68002F5810 /* webviewSwiftTests */,
				87A13A3A220CCE68002F5810 /* webviewSwiftUITests */,
			);
		};
/* End PBXProject section */

/* Begin PBXResourcesBuildPhase section */
		87A13A1A220CCE67002F5810 /* Resources */ = {
			isa = PBXResourcesBuildPhase;
			buildActionMask = 2147483647;
			files = (
				87A13A2A220CCE68002F5810 /* LaunchScreen.storyboard in Resources */,
				87A13A27220CCE68002F5810 /* Assets.xcassets in Resources */,
				87A13A25220CCE67002F5810 /* Main.storyboard in Resources */,
			);
			runOnlyForDeploymentPostprocessing = 0;
		};
		87A13A2E220CCE68002F5810 /* Resources */ = {
			isa = PBXResourcesBuildPhase;
			buildActionMask = 2147483647;
			files = (
			);
			runOnlyForDeploymentPostprocessing = 0;
		};
		87A13A39220CCE68002F5810 /* Resources */ = {
			isa = PBXResourcesBuildPhase;
			buildActionMask = 2147483647;
			files = (
			);
			runOnlyForDeploymentPostprocessing = 0;
		};
/* End PBXResourcesBuildPhase section */

/* Begin PBXSourcesBuildPhase section */
		87A13A18220CCE67002F5810 /* Sources */ = {
			isa = PBXSourcesBuildPhase;
			buildActionMask = 2147483647;
			files = (
				877548E5228CD6340063497C /* SecondViewController.swift in Sources */,
				87A13A22220CCE67002F5810 /* ViewController.swift in Sources */,
				87A13A20220CCE67002F5810 /* AppDelegate.swift in Sources */,
				87D6BAC222568D6300D46CB9 /* InternetTest.swift in Sources */,
			);
			runOnlyForDeploymentPostprocessing = 0;
		};
		87A13A2C220CCE68002F5810 /* Sources */ = {
			isa = PBXSourcesBuildPhase;
			buildActionMask = 2147483647;
			files = (
				87A13A35220CCE68002F5810 /* webviewSwiftTests.swift in Sources */,
			);
			runOnlyForDeploymentPostprocessing = 0;
		};
		87A13A37220CCE68002F5810 /* Sources */ = {
			isa = PBXSourcesBuildPhase;
			buildActionMask = 2147483647;
			files = (
				87A13A40220CCE68002F5810 /* webviewSwiftUITests.swift in Sources */,
			);
			runOnlyForDeploymentPostprocessing = 0;
		};
/* End PBXSourcesBuildPhase section */

/* Begin PBXTargetDependency section */
		87A13A32220CCE68002F5810 /* PBXTargetDependency */ = {
			isa = PBXTargetDependency;
			target = 87A13A1B220CCE67002F5810 /* webviewSwift */;
			targetProxy = 87A13A31220CCE68002F5810 /* PBXContainerItemProxy */;
		};
		87A13A3D220CCE68002F5810 /* PBXTargetDependency */ = {
			isa = PBXTargetDependency;
			target = 87A13A1B220CCE67002F5810 /* webviewSwift */;
			targetProxy = 87A13A3C220CCE68002F5810 /* PBXContainerItemProxy */;
		};
/* End PBXTargetDependency section */

/* Begin PBXVariantGroup section */
		87A13A23220CCE67002F5810 /* Main.storyboard */ = {
			isa = PBXVariantGroup;
			children = (
				87A13A24220CCE67002F5810 /* Base */,
			);
			name = Main.storyboard;
			sourceTree = "<group>";
		};
		87A13A28220CCE68002F5810 /* LaunchScreen.storyboard */ = {
			isa = PBXVariantGroup;
			children = (
				87A13A29220CCE68002F5810 /* Base */,
			);
			name = LaunchScreen.storyboard;
			sourceTree = "<group>";
		};
/* End PBXVariantGroup section */

/* Begin XCBuildConfiguration section */
		87A13A42220CCE68002F5810 /* Debug */ = {
			isa = XCBuildConfiguration;
			buildSettings = {
				ALWAYS_SEARCH_USER_PATHS = NO;
				CLANG_ANALYZER_NONNULL = YES;
				CLANG_ANALYZER_NUMBER_OBJECT_CONVERSION = YES_AGGRESSIVE;
				CLANG_CXX_LANGUAGE_STANDARD = "gnu++14";
				CLANG_CXX_LIBRARY = "libc++";
				CLANG_ENABLE_MODULES = YES;
				CLANG_ENABLE_OBJC_ARC = YES;
				CLANG_ENABLE_OBJC_WEAK = YES;
				CLANG_WARN_BLOCK_CAPTURE_AUTORELEASING = YES;
				CLANG_WARN_BOOL_CONVERSION = YES;
				CLANG_WARN_COMMA = YES;
				CLANG_WARN_CONSTANT_CONVERSION = YES;
				CLANG_WARN_DEPRECATED_OBJC_IMPLEMENTATIONS = YES;
				CLANG_WARN_DIRECT_OBJC_ISA_USAGE = YES_ERROR;
				CLANG_WARN_DOCUMENTATION_COMMENTS = YES;
				CLANG_WARN_EMPTY_BODY = YES;
				CLANG_WARN_ENUM_CONVERSION = YES;
				CLANG_WARN_INFINITE_RECURSION = YES;
				CLANG_WARN_INT_CONVERSION = YES;
				CLANG_WARN_NON_LITERAL_NULL_CONVERSION = YES;
				CLANG_WARN_OBJC_IMPLICIT_RETAIN_SELF = YES;
				CLANG_WARN_OBJC_LITERAL_CONVERSION = YES;
				CLANG_WARN_OBJC_ROOT_CLASS = YES_ERROR;
				CLANG_WARN_RANGE_LOOP_ANALYSIS = YES;
				CLANG_WARN_STRICT_PROTOTYPES = YES;
				CLANG_WARN_SUSPICIOUS_MOVE = YES;
				CLANG_WARN_UNGUARDED_AVAILABILITY = YES_AGGRESSIVE;
				CLANG_WARN_UNREACHABLE_CODE = YES;
				CLANG_WARN__DUPLICATE_METHOD_MATCH = YES;
				CODE_SIGN_IDENTITY = "iPhone Developer";
				COPY_PHASE_STRIP = NO;
				DEBUG_INFORMATION_FORMAT = dwarf;
				ENABLE_STRICT_OBJC_MSGSEND = YES;
				ENABLE_TESTABILITY = YES;
				GCC_C_LANGUAGE_STANDARD = gnu11;
				GCC_DYNAMIC_NO_PIC = NO;
				GCC_NO_COMMON_BLOCKS = YES;
				GCC_OPTIMIZATION_LEVEL = 0;
				GCC_PREPROCESSOR_DEFINITIONS = (
					"DEBUG=1",
					"$(inherited)",
				);
				GCC_WARN_64_TO_32_BIT_CONVERSION = YES;
				GCC_WARN_ABOUT_RETURN_TYPE = YES_ERROR;
				GCC_WARN_UNDECLARED_SELECTOR = YES;
				GCC_WARN_UNINITIALIZED_AUTOS = YES_AGGRESSIVE;
				GCC_WARN_UNUSED_FUNCTION = YES;
				GCC_WARN_UNUSED_VARIABLE = YES;
				IPHONEOS_DEPLOYMENT_TARGET = 12.1;
				MTL_ENABLE_DEBUG_INFO = INCLUDE_SOURCE;
				MTL_FAST_MATH = YES;
				ONLY_ACTIVE_ARCH = YES;
				SDKROOT = iphoneos;
				SWIFT_ACTIVE_COMPILATION_CONDITIONS = DEBUG;
				SWIFT_OPTIMIZATION_LEVEL = "-Onone";
			};
			name = Debug;
		};
		87A13A43220CCE68002F5810 /* Release */ = {
			isa = XCBuildConfiguration;
			buildSettings = {
				ALWAYS_SEARCH_USER_PATHS = NO;
				CLANG_ANALYZER_NONNULL = YES;
				CLANG_ANALYZER_NUMBER_OBJECT_CONVERSION = YES_AGGRESSIVE;
				CLANG_CXX_LANGUAGE_STANDARD = "gnu++14";
				CLANG_CXX_LIBRARY = "libc++";
				CLANG_ENABLE_MODULES = YES;
				CLANG_ENABLE_OBJC_ARC = YES;
				CLANG_ENABLE_OBJC_WEAK = YES;
				CLANG_WARN_BLOCK_CAPTURE_AUTORELEASING = YES;
				CLANG_WARN_BOOL_CONVERSION = YES;
				CLANG_WARN_COMMA = YES;
				CLANG_WARN_CONSTANT_CONVERSION = YES;
				CLANG_WARN_DEPRECATED_OBJC_IMPLEMENTATIONS = YES;
				CLANG_WARN_DIRECT_OBJC_ISA_USAGE = YES_ERROR;
				CLANG_WARN_DOCUMENTATION_COMMENTS = YES;
				CLANG_WARN_EMPTY_BODY = YES;
				CLANG_WARN_ENUM_CONVERSION = YES;
				CLANG_WARN_INFINITE_RECURSION = YES;
				CLANG_WARN_INT_CONVERSION = YES;
				CLANG_WARN_NON_LITERAL_NULL_CONVERSION = YES;
				CLANG_WARN_OBJC_IMPLICIT_RETAIN_SELF = YES;
				CLANG_WARN_OBJC_LITERAL_CONVERSION = YES;
				CLANG_WARN_OBJC_ROOT_CLASS = YES_ERROR;
				CLANG_WARN_RANGE_LOOP_ANALYSIS = YES;
				CLANG_WARN_STRICT_PROTOTYPES = YES;
				CLANG_WARN_SUSPICIOUS_MOVE = YES;
				CLANG_WARN_UNGUARDED_AVAILABILITY = YES_AGGRESSIVE;
				CLANG_WARN_UNREACHABLE_CODE = YES;
				CLANG_WARN__DUPLICATE_METHOD_MATCH = YES;
				CODE_SIGN_IDENTITY = "iPhone Developer";
				COPY_PHASE_STRIP = NO;
				DEBUG_INFORMATION_FORMAT = "dwarf-with-dsym";
				ENABLE_NS_ASSERTIONS = NO;
				ENABLE_STRICT_OBJC_MSGSEND = YES;
				GCC_C_LANGUAGE_STANDARD = gnu11;
				GCC_NO_COMMON_BLOCKS = YES;
				GCC_WARN_64_TO_32_BIT_CONVERSION = YES;
				GCC_WARN_ABOUT_RETURN_TYPE = YES_ERROR;
				GCC_WARN_UNDECLARED_SELECTOR = YES;
				GCC_WARN_UNINITIALIZED_AUTOS = YES_AGGRESSIVE;
				GCC_WARN_UNUSED_FUNCTION = YES;
				GCC_WARN_UNUSED_VARIABLE = YES;
				IPHONEOS_DEPLOYMENT_TARGET = 12.1;
				MTL_ENABLE_DEBUG_INFO = NO;
				MTL_FAST_MATH = YES;
				SDKROOT = iphoneos;
				SWIFT_COMPILATION_MODE = wholemodule;
				SWIFT_OPTIMIZATION_LEVEL = "-O";
				VALIDATE_PRODUCT = YES;
			};
			name = Release;
		};
		87A13A45220CCE68002F5810 /* Debug */ = {
			isa = XCBuildConfiguration;
			buildSettings = {
				ASSETCATALOG_COMPILER_APPICON_NAME = AppIcon;
				CODE_SIGN_STYLE = Automatic;
				DEVELOPMENT_TEAM = B8U59M3KPH;
				INFOPLIST_FILE = webviewSwift/Info.plist;
				LD_RUNPATH_SEARCH_PATHS = (
					"$(inherited)",
					"@executable_path/Frameworks",
				);
				PRODUCT_BUNDLE_IDENTIFIER = Personal.webviewSwift;
				PRODUCT_NAME = "$(TARGET_NAME)";
				SWIFT_VERSION = 4.2;
				TARGETED_DEVICE_FAMILY = "1,2";
			};
			name = Debug;
		};
		87A13A46220CCE68002F5810 /* Release */ = {
			isa = XCBuildConfiguration;
			buildSettings = {
				ASSETCATALOG_COMPILER_APPICON_NAME = AppIcon;
				CODE_SIGN_STYLE = Automatic;
				DEVELOPMENT_TEAM = B8U59M3KPH;
				INFOPLIST_FILE = webviewSwift/Info.plist;
				LD_RUNPATH_SEARCH_PATHS = (
					"$(inherited)",
					"@executable_path/Frameworks",
				);
				PRODUCT_BUNDLE_IDENTIFIER = Personal.webviewSwift;
				PRODUCT_NAME = "$(TARGET_NAME)";
				SWIFT_VERSION = 4.2;
				TARGETED_DEVICE_FAMILY = "1,2";
			};
			name = Release;
		};
		87A13A48220CCE68002F5810 /* Debug */ = {
			isa = XCBuildConfiguration;
			buildSettings = {
				ALWAYS_EMBED_SWIFT_STANDARD_LIBRARIES = YES;
				BUNDLE_LOADER = "$(TEST_HOST)";
				CODE_SIGN_STYLE = Automatic;
				DEVELOPMENT_TEAM = 8JUC3ASGSX;
				INFOPLIST_FILE = webviewSwiftTests/Info.plist;
				LD_RUNPATH_SEARCH_PATHS = (
					"$(inherited)",
					"@executable_path/Frameworks",
					"@loader_path/Frameworks",
				);
				PRODUCT_BUNDLE_IDENTIFIER = Personal.webviewSwiftTests;
				PRODUCT_NAME = "$(TARGET_NAME)";
				SWIFT_VERSION = 4.2;
				TARGETED_DEVICE_FAMILY = "1,2";
				TEST_HOST = "$(BUILT_PRODUCTS_DIR)/webviewSwift.app/webviewSwift";
			};
			name = Debug;
		};
		87A13A49220CCE68002F5810 /* Release */ = {
			isa = XCBuildConfiguration;
			buildSettings = {
				ALWAYS_EMBED_SWIFT_STANDARD_LIBRARIES = YES;
				BUNDLE_LOADER = "$(TEST_HOST)";
				CODE_SIGN_STYLE = Automatic;
				DEVELOPMENT_TEAM = 8JUC3ASGSX;
				INFOPLIST_FILE = webviewSwiftTests/Info.plist;
				LD_RUNPATH_SEARCH_PATHS = (
					"$(inherited)",
					"@executable_path/Frameworks",
					"@loader_path/Frameworks",
				);
				PRODUCT_BUNDLE_IDENTIFIER = Personal.webviewSwiftTests;
				PRODUCT_NAME = "$(TARGET_NAME)";
				SWIFT_VERSION = 4.2;
				TARGETED_DEVICE_FAMILY = "1,2";
				TEST_HOST = "$(BUILT_PRODUCTS_DIR)/webviewSwift.app/webviewSwift";
			};
			name = Release;
		};
		87A13A4B220CCE68002F5810 /* Debug */ = {
			isa = XCBuildConfiguration;
			buildSettings = {
				ALWAYS_EMBED_SWIFT_STANDARD_LIBRARIES = YES;
				CODE_SIGN_STYLE = Automatic;
				DEVELOPMENT_TEAM = 8JUC3ASGSX;
				INFOPLIST_FILE = webviewSwiftUITests/Info.plist;
				LD_RUNPATH_SEARCH_PATHS = (
					"$(inherited)",
					"@executable_path/Frameworks",
					"@loader_path/Frameworks",
				);
				PRODUCT_BUNDLE_IDENTIFIER = Personal.webviewSwiftUITests;
				PRODUCT_NAME = "$(TARGET_NAME)";
				SWIFT_VERSION = 4.2;
				TARGETED_DEVICE_FAMILY = "1,2";
				TEST_TARGET_NAME = webviewSwift;
			};
			name = Debug;
		};
		87A13A4C220CCE68002F5810 /* Release */ = {
			isa = XCBuildConfiguration;
			buildSettings = {
				ALWAYS_EMBED_SWIFT_STANDARD_LIBRARIES = YES;
				CODE_SIGN_STYLE = Automatic;
				DEVELOPMENT_TEAM = 8JUC3ASGSX;
				INFOPLIST_FILE = webviewSwiftUITests/Info.plist;
				LD_RUNPATH_SEARCH_PATHS = (
					"$(inherited)",
					"@executable_path/Frameworks",
					"@loader_path/Frameworks",
				);
				PRODUCT_BUNDLE_IDENTIFIER = Personal.webviewSwiftUITests;
				PRODUCT_NAME = "$(TARGET_NAME)";
				SWIFT_VERSION = 4.2;
				TARGETED_DEVICE_FAMILY = "1,2";
				TEST_TARGET_NAME = webviewSwift;
			};
			name = Release;
		};
/* End XCBuildConfiguration section */

/* Begin XCConfigurationList section */
		87A13A17220CCE67002F5810 /* Build configuration list for PBXProject "webviewSwift" */ = {
			isa = XCConfigurationList;
			buildConfigurations = (
				87A13A42220CCE68002F5810 /* Debug */,
				87A13A43220CCE68002F5810 /* Release */,
			);
			defaultConfigurationIsVisible = 0;
			defaultConfigurationName = Release;
		};
		87A13A44220CCE68002F5810 /* Build configuration list for PBXNativeTarget "webviewSwift" */ = {
			isa = XCConfigurationList;
			buildConfigurations = (
				87A13A45220CCE68002F5810 /* Debug */,
				87A13A46220CCE68002F5810 /* Release */,
			);
			defaultConfigurationIsVisible = 0;
			defaultConfigurationName = Release;
		};
		87A13A47220CCE68002F5810 /* Build configuration list for PBXNativeTarget "webviewSwiftTests" */ = {
			isa = XCConfigurationList;
			buildConfigurations = (
				87A13A48220CCE68002F5810 /* Debug */,
				87A13A49220CCE68002F5810 /* Release */,
			);
			defaultConfigurationIsVisible = 0;
			defaultConfigurationName = Release;
		};
		87A13A4A220CCE68002F5810 /* Build configuration list for PBXNativeTarget "webviewSwiftUITests" */ = {
			isa = XCConfigurationList;
			buildConfigurations = (
				87A13A4B220CCE68002F5810 /* Debug */,
				87A13A4C220CCE68002F5810 /* Release */,
			);
			defaultConfigurationIsVisible = 0;
			defaultConfigurationName = Release;
		};
/* End XCConfigurationList section */
	};
	rootObject = 87A13A14220CCE67002F5810 /* Project object */;
}
